
Microsoft Visual Studio Solution File, Format Version 12.00
# Visual Studio Version 16
VisualStudioVersion = 16.0.30503.244
MinimumVisualStudioVersion = 10.0.40219.1
Project("{FAE04EC0-301F-11D3-BF4B-00C04F79EFBC}") = "EmployeeWage", "EmployeeWage\EmployeeWage.csproj", "{A01A04F5-4B36-4CDC-AF8B-46DC8C234003}"
EndProject
Global
	GlobalSection(SolutionConfigurationPlatforms) = preSolution
		Debug|Any CPU = Debug|Any CPU
		Release|Any CPU = Release|Any CPU
	EndGlobalSection
	GlobalSection(ProjectConfigurationPlatforms) = postSolution
		{A01A04F5-4B36-4CDC-AF8B-46DC8C234003}.Debug|Any CPU.ActiveCfg = Debug|Any CPU
		{A01A04F5-4B36-4CDC-AF8B-46DC8C234003}.Debug|Any CPU.Build.0 = Debug|Any CPU
		{A01A04F5-4B36-4CDC-AF8B-46DC8C234003}.Release|Any CPU.ActiveCfg = Release|Any CPU
		{A01A04F5-4B36-4CDC-AF8B-46DC8C234003}.Release|Any CPU.Build.0 = Release|Any CPU
	EndGlobalSection
	GlobalSection(SolutionProperties) = preSolution
		HideSolutionNode = FALSE
	EndGlobalSection
	GlobalSection(ExtensibilityGlobals) = postSolution
		SolutionGuid = {EC77822E-2A5A-4CEF-B84C-C56BFAE93322}
	EndGlobalSection
EndGlobal
